
Microsoft Visual Studio Solution File, Format Version 12.00
# Visual Studio Version 17
VisualStudioVersion = 17.9.34616.47
MinimumVisualStudioVersion = 10.0.40219.1
Project("{FAE04EC0-301F-11D3-BF4B-00C04F79EFBC}") = "Pantallas-NAD-Global", "Pantallas-NAD-Global.csproj", "{2B97EE79-37BA-433C-B8E2-4635B1B66A5E}"
EndProject
Global
	GlobalSection(SolutionConfigurationPlatforms) = preSolution
		Debug|Any CPU = Debug|Any CPU
		Release|Any CPU = Release|Any CPU
	EndGlobalSection
	GlobalSection(ProjectConfigurationPlatforms) = postSolution
		{2B97EE79-37BA-433C-B8E2-4635B1B66A5E}.Debug|Any CPU.ActiveCfg = Debug|Any CPU
		{2B97EE79-37BA-433C-B8E2-4635B1B66A5E}.Debug|Any CPU.Build.0 = Debug|Any CPU
		{2B97EE79-37BA-433C-B8E2-4635B1B66A5E}.Release|Any CPU.ActiveCfg = Release|Any CPU
		{2B97EE79-37BA-433C-B8E2-4635B1B66A5E}.Release|Any CPU.Build.0 = Release|Any CPU
	EndGlobalSection
	GlobalSection(SolutionProperties) = preSolution
		HideSolutionNode = FALSE
	EndGlobalSection
	GlobalSection(ExtensibilityGlobals) = postSolution
		SolutionGuid = {6FB9D5DB-04C0-4647-A1D8-A6F495D7C37B}
	EndGlobalSection
EndGlobal
